{
  "version": 4,
  "terraform_version": "1.9.0",
  "serial": 1,
  "lineage": "00000000-0000-0000-0000-000000000001",
  "outputs": {},
  "resources": [
    {
      "mode": "managed",
      "type": "aws_accessanalyzer_analyzer",
      "name": "unused_access_apse2",
      "provider": "provider[\"registry.opentofu.org/hashicorp/aws\"]",
      "instances": [
        {
          "schema_version": 0,
          "attributes": {
            "analyzer_name": "UnusedAccess",
            "arn": "arn:aws:access-analyzer:ap-southeast-2:215457784173:analyzer/UnusedAccess",
            "configuration": [
              {
                "unused_access": [
                  {
                    "unused_access_age": 90,
                    "analysis_rule": [
                      {
                        "exclusion": [
                          { "account_ids": ["631965728858"], "resource_tags": [] }
                        ]
                      }
                    ]
                  }
                ]
              }
            ],
            "id": "UnusedAccess",
            "tags": { "Component": "AccessAnalyzer" },
            "tags_all": { "Component": "AccessAnalyzer" },
            "type": "ORGANIZATION_UNUSED_ACCESS"
          },
          "sensitive_attributes": []
        }
      ]
    }
  ],
  "check_results": null
}
